
Microsoft Visual Studio Solution File, Format Version 12.00
# Visual Studio Version 16
VisualStudioVersion = 16.0.30323.161
MinimumVisualStudioVersion = 10.0.40219.1
Project("{9A19103F-16F7-4668-BE54-9A1E7A4F7556}") = "CoreTesting", "CoreTesting.csproj", "{4110F71C-2883-47D0-92FB-0C7EC5AE5FE3}"
EndProject
Global
	GlobalSection(SolutionConfigurationPlatforms) = preSolution
		Debug|Any CPU = Debug|Any CPU
		Release|Any CPU = Release|Any CPU
	EndGlobalSection
	GlobalSection(ProjectConfigurationPlatforms) = postSolution
		{4110F71C-2883-47D0-92FB-0C7EC5AE5FE3}.Debug|Any CPU.ActiveCfg = Debug|Any CPU
		{4110F71C-2883-47D0-92FB-0C7EC5AE5FE3}.Debug|Any CPU.Build.0 = Debug|Any CPU
		{4110F71C-2883-47D0-92FB-0C7EC5AE5FE3}.Release|Any CPU.ActiveCfg = Release|Any CPU
		{4110F71C-2883-47D0-92FB-0C7EC5AE5FE3}.Release|Any CPU.Build.0 = Release|Any CPU
	EndGlobalSection
	GlobalSection(SolutionProperties) = preSolution
		HideSolutionNode = FALSE
	EndGlobalSection
	GlobalSection(ExtensibilityGlobals) = postSolution
		SolutionGuid = {ECB8138B-C3E7-4C0E-93B7-C6052F448500}
	EndGlobalSection
EndGlobal
